
Microsoft Visual Studio Solution File, Format Version 12.00
# Visual Studio 2013
VisualStudioVersion = 12.0.31101.0
MinimumVisualStudioVersion = 10.0.40219.1
Project("{FAE04EC0-301F-11D3-BF4B-00C04F79EFBC}") = "h-extensions", "h-extensions\h-extensions.csproj", "{74F2558F-9BF4-4C41-BFD9-3F8145FEEBBB}"
EndProject
Project("{FAE04EC0-301F-11D3-BF4B-00C04F79EFBC}") = "ExtensionTests", "ExtensionTests\ExtensionTests.csproj", "{599FAEA0-832E-467A-BC07-D4BC8DDA8542}"
EndProject
Global
	GlobalSection(SolutionConfigurationPlatforms) = preSolution
		Debug|Any CPU = Debug|Any CPU
		Release|Any CPU = Release|Any CPU
	EndGlobalSection
	GlobalSection(ProjectConfigurationPlatforms) = postSolution
		{74F2558F-9BF4-4C41-BFD9-3F8145FEEBBB}.Debug|Any CPU.ActiveCfg = Debug|Any CPU
		{74F2558F-9BF4-4C41-BFD9-3F8145FEEBBB}.Debug|Any CPU.Build.0 = Debug|Any CPU
		{74F2558F-9BF4-4C41-BFD9-3F8145FEEBBB}.Release|Any CPU.ActiveCfg = Release|Any CPU
		{74F2558F-9BF4-4C41-BFD9-3F8145FEEBBB}.Release|Any CPU.Build.0 = Release|Any CPU
		{599FAEA0-832E-467A-BC07-D4BC8DDA8542}.Debug|Any CPU.ActiveCfg = Debug|Any CPU
		{599FAEA0-832E-467A-BC07-D4BC8DDA8542}.Debug|Any CPU.Build.0 = Debug|Any CPU
		{599FAEA0-832E-467A-BC07-D4BC8DDA8542}.Release|Any CPU.ActiveCfg = Release|Any CPU
		{599FAEA0-832E-467A-BC07-D4BC8DDA8542}.Release|Any CPU.Build.0 = Release|Any CPU
	EndGlobalSection
	GlobalSection(SolutionProperties) = preSolution
		HideSolutionNode = FALSE
	EndGlobalSection
EndGlobal
